{
  "nodes": {
    "autolith": {
      "inputs": {
        "flake-parts": "flake-parts",
        "nixpkgs": "nixpkgs"
      },
      "locked": {
        "lastModified": 1790855035,
        "narHash": "sha256-3DV7cpVwK869OkLpQ2IHvjCj0434pCLmbE0zd2rdpmQ=",
        "owner": "luciusmagn",
        "repo": "autolith",
        "rev": "0587f8649193daaa8b3fa86f533146265ec56a9a",
        "type": "github"
      },
      "original": {
        "owner": "luciusmagn",
        "repo": "autolith",
        "type": "github"
      }
    },
    "bun2nix": {
      "inputs": {
        "flake-parts": [
          "llm-agents",
          "flake-parts"
        ],
        "nixpkgs": [
          "llm-agents",
          "nixpkgs"
        ],
        "systems": [
          "llm-agents",
          "systems"
        ],
        "treefmt-nix": [
          "llm-agents",
          "treefmt-nix"
        ]
      },
      "locked": {
        "lastModified": 1790001035,
        "narHash": "sha256-1/SLBjSYBzDdDhvLQ83wrzBakyS/xNGgtxHGNuveOEQ=",
        "owner": "Mic92",
        "repo": "bun2nix",
        "rev": "07a5bfc8ac36c5370199343fa620b69f63186e33",
        "type": "github"
      },
      "original": {
        "owner": "Mic92",
        "ref": "llm-agents",
        "repo": "bun2nix",
        "type": "github"
      }
    },
    "claude-code-nix": {
      "inputs": {
        "nixpkgs": "nixpkgs_2",
        "systems": "systems"
      },
      "locked": {
        "lastModified": 1790798517,
        "narHash": "sha256-KUudJ87dsfhnM2LVa4QXJdrLSjCNbuWOLFZGtiDDrtE=",
        "owner": "sadjow",
        "repo": "claude-code-nix",
        "rev": "cf73bd2bece41565ca483050a3a7385ef3663aec",
        "type": "github"
      },
      "original": {
        "owner": "sadjow",
        "repo": "claude-code-nix",
        "type": "github"
      }
    },
    "codex-cli-nix": {
      "inputs": {
        "flake-utils": "flake-utils",
        "nixpkgs": "nixpkgs_3"
      },
      "locked": {
        "lastModified": 1790810102,
        "narHash": "sha256-3yzoUUAuFPx/mJaRwDklzvIiaflJ3Clu1vSH7jWxlKE=",
        "owner": "sadjow",
        "repo": "codex-cli-nix",
        "rev": "65edd6ed0a1ef40e384c27d6da661a999b098f45",
        "type": "github"
      },
      "original": {
        "owner": "sadjow",
        "repo": "codex-cli-nix",
        "type": "github"
      }
    },
    "flake-parts": {
      "inputs": {
        "nixpkgs-lib": [
          "autolith",
          "nixpkgs"
        ]
      },
      "locked": {
        "lastModified": 1782949081,
        "narHash": "sha256-vp6Y/Grm98ESt6ceOkWiHWyZRDV3J1RID4w+6NWK9yA=",
        "owner": "hercules-ci",
        "repo": "flake-parts",
        "rev": "17c9d6cdfc60c64f4ee8d306f9bc0b4ccb51481e",
        "type": "github"
      },
      "original": {
        "owner": "hercules-ci",
        "repo": "flake-parts",
        "type": "github"
      }
    },
    "flake-parts_2": {
      "inputs": {
        "nixpkgs-lib": [
          "llm-agents",
          "nixpkgs"
        ]
      },
      "locked": {
        "lastModified": 1788450739,
        "narHash": "sha256-glZLQlzIn1fXH6PazR2iUmTo7kzzyYSshrWhLS9TqCU=",
        "owner": "hercules-ci",
        "repo": "flake-parts",
        "rev": "31729ca8cbdb4fa927b34e5f4353e6a83f39e993",
        "type": "github"
      },
      "original": {
        "owner": "hercules-ci",
        "repo": "flake-parts",
        "type": "github"
      }
    },
    "flake-utils": {
      "inputs": {
        "systems": "systems_2"
      },
      "locked": {
        "lastModified": 1731533236,
        "narHash": "sha256-l0KFg5HjrsfsO/JpG+r7fRrqm12kzFHyUHqHCVpMMbI=",
        "owner": "numtide",
        "repo": "flake-utils",
        "rev": "11707dc2f618dd54ca8739b309ec4fc024de578b",
        "type": "github"
      },
      "original": {
        "owner": "numtide",
        "repo": "flake-utils",
        "type": "github"
      }
    },
    "llm-agents": {
      "inputs": {
        "bun2nix": "bun2nix",
        "flake-parts": "flake-parts_2",
        "nixpkgs": "nixpkgs_4",
        "systems": "systems_3",
        "treefmt-nix": "treefmt-nix"
      },
      "locked": {
        "lastModified": 1790832743,
        "narHash": "sha256-ho6vTx7+GLxXZNzp9eCq/X+49s16KLO1EEEGYCkMjQ0=",
        "owner": "numtide",
        "repo": "llm-agents.nix",
        "rev": "3a994324e0a724f3eb043200368f0b60c06862e3",
        "type": "github"
      },
      "original": {
        "owner": "numtide",
        "repo": "llm-agents.nix",
        "type": "github"
      }
    },
    "nix-omp": {
      "inputs": {
        "nixpkgs": "nixpkgs_5"
      },
      "locked": {
        "lastModified": 1786761942,
        "narHash": "sha256-PYOkZGBlEAuKYlO1PmjUhBCO9rLN6IZYAlrNSMEP4hA=",
        "owner": "jamtur01",
        "repo": "nix-omp",
        "rev": "0a189c47c1126436fbfd7c17cef2be1f54b8fb9d",
        "type": "github"
      },
      "original": {
        "owner": "jamtur01",
        "repo": "nix-omp",
        "type": "github"
      }
    },
    "nixpkgs": {
      "locked": {
        "lastModified": 1786348146,
        "narHash": "sha256-we5zDEFfn8TgzeWKjKDMIjeQZ59omEPl23NIF+13/ys=",
        "owner": "NixOS",
        "repo": "nixpkgs",
        "rev": "d482ef84049d9b7276b83a06e4e4d76983830097",
        "type": "github"
      },
      "original": {
        "owner": "NixOS",
        "repo": "nixpkgs",
        "rev": "d482ef84049d9b7276b83a06e4e4d76983830097",
        "type": "github"
      }
    },
    "nixpkgs-rolling": {
      "locked": {
        "lastModified": 1790689126,
        "narHash": "sha256-ilerN1WLSvF+HMjziC/Wv99J5y02maDH+6hZPwsORKg=",
        "owner": "NixOS",
        "repo": "nixpkgs",
        "rev": "b4fd65b198c599cbe814fcb9f42d25d021595ec9",
        "type": "github"
      },
      "original": {
        "owner": "NixOS",
        "ref": "nixos-unstable",
        "repo": "nixpkgs",
        "type": "github"
      }
    },
    "nixpkgs_2": {
      "locked": {
        "lastModified": 1790652569,
        "narHash": "sha256-641r7xrlSOHYoktL9/aArPIYNgZJ9eM5URzSEOtPJDY=",
        "owner": "NixOS",
        "repo": "nixpkgs",
        "rev": "b6c8664de9b6cc07fe5666a29f91884ba81197c4",
        "type": "github"
      },
      "original": {
        "owner": "NixOS",
        "ref": "nixpkgs-unstable",
        "repo": "nixpkgs",
        "type": "github"
      }
    },
    "nixpkgs_3": {
      "locked": {
        "lastModified": 1790652569,
        "narHash": "sha256-641r7xrlSOHYoktL9/aArPIYNgZJ9eM5URzSEOtPJDY=",
        "owner": "NixOS",
        "repo": "nixpkgs",
        "rev": "b6c8664de9b6cc07fe5666a29f91884ba81197c4",
        "type": "github"
      },
      "original": {
        "owner": "NixOS",
        "ref": "nixpkgs-unstable",
        "repo": "nixpkgs",
        "type": "github"
      }
    },
    "nixpkgs_4": {
      "locked": {
        "lastModified": 1790600678,
        "narHash": "sha256-6k3n7X2UsZ6tAlWTz99RimiZab+17tMUrw9sRUcELiA=",
        "owner": "NixOS",
        "repo": "nixpkgs",
        "rev": "f45c6f04c2f013f004bf94e284e95d72898d9393",
        "type": "github"
      },
      "original": {
        "owner": "NixOS",
        "ref": "nixpkgs-unstable",
        "repo": "nixpkgs",
        "type": "github"
      }
    },
    "nixpkgs_5": {
      "locked": {
        "lastModified": 1782723713,
        "narHash": "sha256-oPXCU/SSUokcGaJREHibG1CBX3+s/W7orDWQOZDsEeQ=",
        "owner": "NixOS",
        "repo": "nixpkgs",
        "rev": "b5aa0fbd538984f6e3d201be0005b4463d8b09f8",
        "type": "github"
      },
      "original": {
        "owner": "NixOS",
        "ref": "nixos-unstable",
        "repo": "nixpkgs",
        "type": "github"
      }
    },
    "nixpkgs_6": {
      "locked": {
        "lastModified": 1773734432,
        "narHash": "sha256-IF5ppUWh6gHGHYDbtVUyhwy/i7D261P7fWD1bPefOsw=",
        "owner": "NixOS",
        "repo": "nixpkgs",
        "rev": "cda48547b432e8d3b18b4180ba07473762ec8558",
        "type": "github"
      },
      "original": {
        "owner": "NixOS",
        "ref": "nixos-unstable",
        "repo": "nixpkgs",
        "type": "github"
      }
    },
    "root": {
      "inputs": {
        "autolith": "autolith",
        "claude-code-nix": "claude-code-nix",
        "codex-cli-nix": "codex-cli-nix",
        "llm-agents": "llm-agents",
        "nix-omp": "nix-omp",
        "nixpkgs": "nixpkgs_6",
        "nixpkgs-rolling": "nixpkgs-rolling"
      }
    },
    "systems": {
      "locked": {
        "lastModified": 1681028828,
        "narHash": "sha256-Vy1rq5AaRuLzOxct8nz4T6wlgyUR7zLU309k9mBC768=",
        "owner": "nix-systems",
        "repo": "default",
        "rev": "da67096a3b9bf56a91d16901293e51ba5b49a27e",
        "type": "github"
      },
      "original": {
        "owner": "nix-systems",
        "repo": "default",
        "type": "github"
      }
    },
    "systems_2": {
      "locked": {
        "lastModified": 1681028828,
        "narHash": "sha256-Vy1rq5AaRuLzOxct8nz4T6wlgyUR7zLU309k9mBC768=",
        "owner": "nix-systems",
        "repo": "default",
        "rev": "da67096a3b9bf56a91d16901293e51ba5b49a27e",
        "type": "github"
      },
      "original": {
        "owner": "nix-systems",
        "repo": "default",
        "type": "github"
      }
    },
    "systems_3": {
      "locked": {
        "lastModified": 1681028828,
        "narHash": "sha256-Vy1rq5AaRuLzOxct8nz4T6wlgyUR7zLU309k9mBC768=",
        "owner": "nix-systems",
        "repo": "default",
        "rev": "da67096a3b9bf56a91d16901293e51ba5b49a27e",
        "type": "github"
      },
      "original": {
        "owner": "nix-systems",
        "repo": "default",
        "type": "github"
      }
    },
    "treefmt-nix": {
      "inputs": {
        "nixpkgs": [
          "llm-agents",
          "nixpkgs"
        ]
      },
      "locked": {
        "lastModified": 1786901030,
        "narHash": "sha256-WSFCsDSE5ffgD2MqzkM2CYjeFiKhRF/dJUN8uedb6YE=",
        "owner": "numtide",
        "repo": "treefmt-nix",
        "rev": "27b3b12a8e6375f28ebe122f07d230ca5459bbfa",
        "type": "github"
      },
      "original": {
        "owner": "numtide",
        "repo": "treefmt-nix",
        "type": "github"
      }
    }
  },
  "root": "root",
  "version": 7
}
